// !$*UTF8*$!
{
	archiveVersion = 1;
	classes = {
	};
	objectVersion = 55;
	objects = {

/* Begin PBXBuildFile section */
		06709108288871CD00880EA6 /* Assets.xcassets in Resources */ = {isa = PBXBuildFile; fileRef = 06709107288871CD00880EA6 /* Assets.xcassets */; };
		06AFBE812882BC0500CBDCBC /* BreathingTimerView.swift in Sources */ = {isa = PBXBuildFile; fileRef = 06AFBE7D2882BC0500CBDCBC /* BreathingTimerView.swift */; };
		06AFBE822882BC0500CBDCBC /* FinishBreathing.swift in Sources */ = {isa = PBXBuildFile; fileRef = 06AFBE7E2882BC0500CBDCBC /* FinishBreathing.swift */; };
		06AFBE832882BC0500CBDCBC /* BreathingActivityData.swift in Sources */ = {isa = PBXBuildFile; fileRef = 06AFBE7F2882BC0500CBDCBC /* BreathingActivityData.swift */; };
		06AFBE842882BC0500CBDCBC /* ContentView.swift in Sources */ = {isa = PBXBuildFile; fileRef = 06AFBE802882BC0500CBDCBC /* ContentView.swift */; };
		06AFBE882882BCF000CBDCBC /* ActivityList.swift in Sources */ = {isa = PBXBuildFile; fileRef = 06AFBE872882BCEF00CBDCBC /* ActivityList.swift */; };
		06EA7ACA2886AF0D005747C1 /* ComplicationController.swift in Sources */ = {isa = PBXBuildFile; fileRef = 06EA7AC92886AF0D005747C1 /* ComplicationController.swift */; };
		06EA7ACC2886B07F005747C1 /* ComplicationView.swift in Sources */ = {isa = PBXBuildFile; fileRef = 06EA7ACB2886B07F005747C1 /* ComplicationView.swift */; };
		EEB154A9287D73E3002BE3C1 /* Mindful_WatchApp WatchKit App.app in Embed Watch Content */ = {isa = PBXBuildFile; fileRef = EEB154A8287D73E3002BE3C1 /* Mindful_WatchApp WatchKit App.app */; settings = {ATTRIBUTES = (RemoveHeadersOnCopy, ); }; };
		EEB154AE287D73E6002BE3C1 /* Assets.xcassets in Resources */ = {isa = PBXBuildFile; fileRef = EEB154AD287D73E6002BE3C1 /* Assets.xcassets */; };
		EEB154B4287D73E6002BE3C1 /* Mindful_WatchApp WatchKit Extension.appex in Embed App Extensions */ = {isa = PBXBuildFile; fileRef = EEB154B3287D73E6002BE3C1 /* Mindful_WatchApp WatchKit Extension.appex */; settings = {ATTRIBUTES = (RemoveHeadersOnCopy, ); }; };
		EEB154B9287D73E6002BE3C1 /* Mindful_WatchAppApp.swift in Sources */ = {isa = PBXBuildFile; fileRef = EEB154B8287D73E6002BE3C1 /* Mindful_WatchAppApp.swift */; };
		EEB154BB287D73E6002BE3C1 /* ContentView.swift in Sources */ = {isa = PBXBuildFile; fileRef = EEB154BA287D73E6002BE3C1 /* ContentView.swift */; };
		EEB154BD287D73E6002BE3C1 /* NotificationController.swift in Sources */ = {isa = PBXBuildFile; fileRef = EEB154BC287D73E6002BE3C1 /* NotificationController.swift */; };
		EEB154BF287D73E6002BE3C1 /* NotificationView.swift in Sources */ = {isa = PBXBuildFile; fileRef = EEB154BE287D73E6002BE3C1 /* NotificationView.swift */; };
		EEB154C6287D73E7002BE3C1 /* Preview Assets.xcassets in Resources */ = {isa = PBXBuildFile; fileRef = EEB154C5287D73E7002BE3C1 /* Preview Assets.xcassets */; };
/* End PBXBuildFile section */

/* Begin PBXContainerItemProxy section */
		EEB154AA287D73E3002BE3C1 /* PBXContainerItemProxy */ = {
			isa = PBXContainerItemProxy;
			containerPortal = EEB1549E287D73E3002BE3C1 /* Project object */;
			proxyType = 1;
			remoteGlobalIDString = EEB154A7287D73E3002BE3C1;
			remoteInfo = "Mindful_WatchApp WatchKit App";
		};
		EEB154B5287D73E6002BE3C1 /* PBXContainerItemProxy */ = {
			isa = PBXContainerItemProxy;
			containerPortal = EEB1549E287D73E3002BE3C1 /* Project object */;
			proxyType = 1;
			remoteGlobalIDString = EEB154B2287D73E6002BE3C1;
			remoteInfo = "Mindful_WatchApp WatchKit Extension";
		};
/* End PBXContainerItemProxy section */

/* Begin PBXCopyFilesBuildPhase section */
		EEB154CE287D73E7002BE3C1 /* Embed App Extensions */ = {
			isa = PBXCopyFilesBuildPhase;
			buildActionMask = 2147483647;
			dstPath = "";
			dstSubfolderSpec = 13;
			files = (
				EEB154B4287D73E6002BE3C1 /* Mindful_WatchApp WatchKit Extension.appex in Embed App Extensions */,
			);
			name = "Embed App Extensions";
			runOnlyForDeploymentPostprocessing = 0;
		};
		EEB154D2287D73E7002BE3C1 /* Embed Watch Content */ = {
			isa = PBXCopyFilesBuildPhase;
			buildActionMask = 2147483647;
			dstPath = "$(CONTENTS_FOLDER_PATH)/Watch";
			dstSubfolderSpec = 16;
			files = (
				EEB154A9287D73E3002BE3C1 /* Mindful_WatchApp WatchKit App.app in Embed Watch Content */,
			);
			name = "Embed Watch Content";
			runOnlyForDeploymentPostprocessing = 0;
		};
/* End PBXCopyFilesBuildPhase section */

/* Begin PBXFileReference section */
		06709107288871CD00880EA6 /* Assets.xcassets */ = {isa = PBXFileReference; lastKnownFileType = folder.assetcatalog; path = Assets.xcassets; sourceTree = "<group>"; };
		06AFBE7D2882BC0500CBDCBC /* BreathingTimerView.swift */ = {isa = PBXFileReference; fileEncoding = 4; lastKnownFileType = sourcecode.swift; path = BreathingTimerView.swift; sourceTree = "<group>"; };
		06AFBE7E2882BC0500CBDCBC /* FinishBreathing.swift */ = {isa = PBXFileReference; fileEncoding = 4; lastKnownFileType = sourcecode.swift; path = FinishBreathing.swift; sourceTree = "<group>"; };
		06AFBE7F2882BC0500CBDCBC /* BreathingActivityData.swift */ = {isa = PBXFileReference; fileEncoding = 4; lastKnownFileType = sourcecode.swift; path = BreathingActivityData.swift; sourceTree = "<group>"; };
		06AFBE802882BC0500CBDCBC /* ContentView.swift */ = {isa = PBXFileReference; fileEncoding = 4; lastKnownFileType = sourcecode.swift; path = ContentView.swift; sourceTree = "<group>"; };
		06AFBE872882BCEF00CBDCBC /* ActivityList.swift */ = {isa = PBXFileReference; fileEncoding = 4; lastKnownFileType = sourcecode.swift; path = ActivityList.swift; sourceTree = "<group>"; };
		06EA7AC92886AF0D005747C1 /* ComplicationController.swift */ = {isa = PBXFileReference; lastKnownFileType = sourcecode.swift; path = ComplicationController.swift; sourceTree = "<group>"; usesTabs = 0; };
		06EA7ACB2886B07F005747C1 /* ComplicationView.swift */ = {isa = PBXFileReference; lastKnownFileType = sourcecode.swift; path = ComplicationView.swift; sourceTree = "<group>"; };
		EEB154A4287D73E3002BE3C1 /* Mindful_WatchApp.app */ = {isa = PBXFileReference; explicitFileType = wrapper.application; includeInIndex = 0; path = Mindful_WatchApp.app; sourceTree = BUILT_PRODUCTS_DIR; };
		EEB154A8287D73E3002BE3C1 /* Mindful_WatchApp WatchKit App.app */ = {isa = PBXFileReference; explicitFileType = wrapper.application; includeInIndex = 0; path = "Mindful_WatchApp WatchKit App.app"; sourceTree = BUILT_PRODUCTS_DIR; };
		EEB154AD287D73E6002BE3C1 /* Assets.xcassets */ = {isa = PBXFileReference; lastKnownFileType = folder.assetcatalog; path = Assets.xcassets; sourceTree = "<group>"; };
		EEB154B3287D73E6002BE3C1 /* Mindful_WatchApp WatchKit Extension.appex */ = {isa = PBXFileReference; explicitFileType = "wrapper.app-extension"; includeInIndex = 0; path = "Mindful_WatchApp WatchKit Extension.appex"; sourceTree = BUILT_PRODUCTS_DIR; };
		EEB154B8287D73E6002BE3C1 /* Mindful_WatchAppApp.swift */ = {isa = PBXFileReference; lastKnownFileType = sourcecode.swift; path = Mindful_WatchAppApp.swift; sourceTree = "<group>"; };
		EEB154BA287D73E6002BE3C1 /* ContentView.swift */ = {isa = PBXFileReference; lastKnownFileType = sourcecode.swift; path = ContentView.swift; sourceTree = "<group>"; };
		EEB154BC287D73E6002BE3C1 /* NotificationController.swift */ = {isa = PBXFileReference; lastKnownFileType = sourcecode.swift; path = NotificationController.swift; sourceTree = "<group>"; };
		EEB154BE287D73E6002BE3C1 /* NotificationView.swift */ = {isa = PBXFileReference; lastKnownFileType = sourcecode.swift; path = NotificationView.swift; sourceTree = "<group>"; };
		EEB154C5287D73E7002BE3C1 /* Preview Assets.xcassets */ = {isa = PBXFileReference; lastKnownFileType = folder.assetcatalog; path = "Preview Assets.xcassets"; sourceTree = "<group>"; };
		EEB154C7287D73E7002BE3C1 /* Info.plist */ = {isa = PBXFileReference; lastKnownFileType = text.plist.xml; path = Info.plist; sourceTree = "<group>"; };
		EEB154C8287D73E7002BE3C1 /* PushNotificationPayload.apns */ = {isa = PBXFileReference; lastKnownFileType = text; path = PushNotificationPayload.apns; sourceTree = "<group>"; };
/* End PBXFileReference section */

/* Begin PBXFrameworksBuildPhase section */
		EEB154B0287D73E6002BE3C1 /* Frameworks */ = {
			isa = PBXFrameworksBuildPhase;
			buildActionMask = 2147483647;
			files = (
			);
			runOnlyForDeploymentPostprocessing = 0;
		};
/* End PBXFrameworksBuildPhase section */

/* Begin PBXGroup section */
		EEB1549D287D73E3002BE3C1 = {
			isa = PBXGroup;
			children = (
				EEB154AC287D73E3002BE3C1 /* Mindful_WatchApp WatchKit App */,
				EEB154B7287D73E6002BE3C1 /* Mindful_WatchApp WatchKit Extension */,
				EEB154A5287D73E3002BE3C1 /* Products */,
			);
			sourceTree = "<group>";
		};
		EEB154A5287D73E3002BE3C1 /* Products */ = {
			isa = PBXGroup;
			children = (
				EEB154A4287D73E3002BE3C1 /* Mindful_WatchApp.app */,
				EEB154A8287D73E3002BE3C1 /* Mindful_WatchApp WatchKit App.app */,
				EEB154B3287D73E6002BE3C1 /* Mindful_WatchApp WatchKit Extension.appex */,
			);
			name = Products;
			sourceTree = "<group>";
		};
		EEB154AC287D73E3002BE3C1 /* Mindful_WatchApp WatchKit App */ = {
			isa = PBXGroup;
			children = (
				EEB154AD287D73E6002BE3C1 /* Assets.xcassets */,
			);
			path = "Mindful_WatchApp WatchKit App";
			sourceTree = "<group>";
		};
		EEB154B7287D73E6002BE3C1 /* Mindful_WatchApp WatchKit Extension */ = {
			isa = PBXGroup;
			children = (
				EEB154B8287D73E6002BE3C1 /* Mindful_WatchAppApp.swift */,
				EEB154BA287D73E6002BE3C1 /* ContentView.swift */,
				EEB154BC287D73E6002BE3C1 /* NotificationController.swift */,
				EEB154BE287D73E6002BE3C1 /* NotificationView.swift */,
				06AFBE7F2882BC0500CBDCBC /* BreathingActivityData.swift */,
				06AFBE872882BCEF00CBDCBC /* ActivityList.swift */,
				06AFBE7D2882BC0500CBDCBC /* BreathingTimerView.swift */,
				06AFBE802882BC0500CBDCBC /* ContentView.swift */,
				06AFBE7E2882BC0500CBDCBC /* FinishBreathing.swift */,
				EEB154C7287D73E7002BE3C1 /* Info.plist */,
				06EA7AC92886AF0D005747C1 /* ComplicationController.swift */,
				06EA7ACB2886B07F005747C1 /* ComplicationView.swift */,
				EEB154C8287D73E7002BE3C1 /* PushNotificationPayload.apns */,
				EEB154C4287D73E7002BE3C1 /* Preview Content */,
			);
			path = "Mindful_WatchApp WatchKit Extension";
			sourceTree = "<group>";
		};
		EEB154C4287D73E7002BE3C1 /* Preview Content */ = {
			isa = PBXGroup;
			children = (
				EEB154C5287D73E7002BE3C1 /* Preview Assets.xcassets */,
				06709107288871CD00880EA6 /* Assets.xcassets */,
			);
			path = "Preview Content";
			sourceTree = "<group>";
		};
/* End PBXGroup section */

/* Begin PBXNativeTarget section */
		EEB154A3287D73E3002BE3C1 /* Mindful_WatchApp */ = {
			isa = PBXNativeTarget;
			buildConfigurationList = EEB154D3287D73E7002BE3C1 /* Build configuration list for PBXNativeTarget "Mindful_WatchApp" */;
			buildPhases = (
				EEB154A2287D73E3002BE3C1 /* Resources */,
				EEB154D2287D73E7002BE3C1 /* Embed Watch Content */,
			);
			buildRules = (
			);
			dependencies = (
				EEB154AB287D73E3002BE3C1 /* PBXTargetDependency */,
			);
			name = Mindful_WatchApp;
			productName = Mindful_WatchApp;
			productReference = EEB154A4287D73E3002BE3C1 /* Mindful_WatchApp.app */;
			productType = "com.apple.product-type.application.watchapp2-container";
		};
		EEB154A7287D73E3002BE3C1 /* Mindful_WatchApp WatchKit App */ = {
			isa = PBXNativeTarget;
			buildConfigurationList = EEB154CF287D73E7002BE3C1 /* Build configuration list for PBXNativeTarget "Mindful_WatchApp WatchKit App" */;
			buildPhases = (
				EEB154A6287D73E3002BE3C1 /* Resources */,
				EEB154CE287D73E7002BE3C1 /* Embed App Extensions */,
			);
			buildRules = (
			);
			dependencies = (
				EEB154B6287D73E6002BE3C1 /* PBXTargetDependency */,
			);
			name = "Mindful_WatchApp WatchKit App";
			productName = "Mindful_WatchApp WatchKit App";
			productReference = EEB154A8287D73E3002BE3C1 /* Mindful_WatchApp WatchKit App.app */;
			productType = "com.apple.product-type.application.watchapp2";
		};
		EEB154B2287D73E6002BE3C1 /* Mindful_WatchApp WatchKit Extension */ = {
			isa = PBXNativeTarget;
			buildConfigurationList = EEB154CB287D73E7002BE3C1 /* Build configuration list for PBXNativeTarget "Mindful_WatchApp WatchKit Extension" */;
			buildPhases = (
				EEB154AF287D73E6002BE3C1 /* Sources */,
				EEB154B0287D73E6002BE3C1 /* Frameworks */,
				EEB154B1287D73E6002BE3C1 /* Resources */,
			);
			buildRules = (
			);
			dependencies = (
			);
			name = "Mindful_WatchApp WatchKit Extension";
			productName = "Mindful_WatchApp WatchKit Extension";
			productReference = EEB154B3287D73E6002BE3C1 /* Mindful_WatchApp WatchKit Extension.appex */;
			productType = "com.apple.product-type.watchkit2-extension";
		};
/* End PBXNativeTarget section */

/* Begin PBXProject section */
		EEB1549E287D73E3002BE3C1 /* Project object */ = {
			isa = PBXProject;
			attributes = {
				BuildIndependentTargetsInParallel = 1;
				LastSwiftUpdateCheck = 1340;
				LastUpgradeCheck = 1340;
				TargetAttributes = {
					EEB154A3287D73E3002BE3C1 = {
						CreatedOnToolsVersion = 13.4.1;
					};
					EEB154A7287D73E3002BE3C1 = {
						CreatedOnToolsVersion = 13.4.1;
					};
					EEB154B2287D73E6002BE3C1 = {
						CreatedOnToolsVersion = 13.4.1;
					};
				};
			};
			buildConfigurationList = EEB154A1287D73E3002BE3C1 /* Build configuration list for PBXProject "Mindful_WatchApp" */;
			compatibilityVersion = "Xcode 13.0";
			developmentRegion = en;
			hasScannedForEncodings = 0;
			knownRegions = (
				en,
				Base,
			);
			mainGroup = EEB1549D287D73E3002BE3C1;
			productRefGroup = EEB154A5287D73E3002BE3C1 /* Products */;
			projectDirPath = "";
			projectRoot = "";
			targets = (
				EEB154A3287D73E3002BE3C1 /* Mindful_WatchApp */,
				EEB154A7287D73E3002BE3C1 /* Mindful_WatchApp WatchKit App */,
				EEB154B2287D73E6002BE3C1 /* Mindful_WatchApp WatchKit Extension */,
			);
		};
/* End PBXProject section */

/* Begin PBXResourcesBuildPhase section */
		EEB154A2287D73E3002BE3C1 /* Resources */ = {
			isa = PBXResourcesBuildPhase;
			buildActionMask = 2147483647;
			files = (
			);
			runOnlyForDeploymentPostprocessing = 0;
		};
		EEB154A6287D73E3002BE3C1 /* Resources */ = {
			isa = PBXResourcesBuildPhase;
			buildActionMask = 2147483647;
			files = (
				EEB154AE287D73E6002BE3C1 /* Assets.xcassets in Resources */,
			);
			runOnlyForDeploymentPostprocessing = 0;
		};
		EEB154B1287D73E6002BE3C1 /* Resources */ = {
			isa = PBXResourcesBuildPhase;
			buildActionMask = 2147483647;
			files = (
				06709108288871CD00880EA6 /* Assets.xcassets in Resources */,
				EEB154C6287D73E7002BE3C1 /* Preview Assets.xcassets in Resources */,
			);
			runOnlyForDeploymentPostprocessing = 0;
		};
/* End PBXResourcesBuildPhase section */

/* Begin PBXSourcesBuildPhase section */
		EEB154AF287D73E6002BE3C1 /* Sources */ = {
			isa = PBXSourcesBuildPhase;
			buildActionMask = 2147483647;
			files = (
				06AFBE882882BCF000CBDCBC /* ActivityList.swift in Sources */,
				EEB154BD287D73E6002BE3C1 /* NotificationController.swift in Sources */,
				06AFBE832882BC0500CBDCBC /* BreathingActivityData.swift in Sources */,
				EEB154BB287D73E6002BE3C1 /* ContentView.swift in Sources */,
				06AFBE822882BC0500CBDCBC /* FinishBreathing.swift in Sources */,
				06AFBE842882BC0500CBDCBC /* ContentView.swift in Sources */,
				EEB154B9287D73E6002BE3C1 /* Mindful_WatchAppApp.swift in Sources */,
				06EA7ACA2886AF0D005747C1 /* ComplicationController.swift in Sources */,
				EEB154BF287D73E6002BE3C1 /* NotificationView.swift in Sources */,
				06AFBE812882BC0500CBDCBC /* BreathingTimerView.swift in Sources */,
				06EA7ACC2886B07F005747C1 /* ComplicationView.swift in Sources */,
			);
			runOnlyForDeploymentPostprocessing = 0;
		};
/* End PBXSourcesBuildPhase section */

/* Begin PBXTargetDependency section */
		EEB154AB287D73E3002BE3C1 /* PBXTargetDependency */ = {
			isa = PBXTargetDependency;
			target = EEB154A7287D73E3002BE3C1 /* Mindful_WatchApp WatchKit App */;
			targetProxy = EEB154AA287D73E3002BE3C1 /* PBXContainerItemProxy */;
		};
		EEB154B6287D73E6002BE3C1 /* PBXTargetDependency */ = {
			isa = PBXTargetDependency;
			target = EEB154B2287D73E6002BE3C1 /* Mindful_WatchApp WatchKit Extension */;
			targetProxy = EEB154B5287D73E6002BE3C1 /* PBXContainerItemProxy */;
		};
/* End PBXTargetDependency section */

/* Begin XCBuildConfiguration section */
		EEB154C9287D73E7002BE3C1 /* Debug */ = {
			isa = XCBuildConfiguration;
			buildSettings = {
				ALWAYS_SEARCH_USER_PATHS = NO;
				CLANG_ANALYZER_NONNULL = YES;
				CLANG_ANALYZER_NUMBER_OBJECT_CONVERSION = YES_AGGRESSIVE;
				CLANG_CXX_LANGUAGE_STANDARD = "gnu++17";
				CLANG_ENABLE_MODULES = YES;
				CLANG_ENABLE_OBJC_ARC = YES;
				CLANG_ENABLE_OBJC_WEAK = YES;
				CLANG_WARN_BLOCK_CAPTURE_AUTORELEASING = YES;
				CLANG_WARN_BOOL_CONVERSION = YES;
				CLANG_WARN_COMMA = YES;
				CLANG_WARN_CONSTANT_CONVERSION = YES;
				CLANG_WARN_DEPRECATED_OBJC_IMPLEMENTATIONS = YES;
				CLANG_WARN_DIRECT_OBJC_ISA_USAGE = YES_ERROR;
				CLANG_WARN_DOCUMENTATION_COMMENTS = YES;
				CLANG_WARN_EMPTY_BODY = YES;
				CLANG_WARN_ENUM_CONVERSION = YES;
				CLANG_WARN_INFINITE_RECURSION = YES;
				CLANG_WARN_INT_CONVERSION = YES;
				CLANG_WARN_NON_LITERAL_NULL_CONVERSION = YES;
				CLANG_WARN_OBJC_IMPLICIT_RETAIN_SELF = YES;
				CLANG_WARN_OBJC_LITERAL_CONVERSION = YES;
				CLANG_WARN_OBJC_ROOT_CLASS = YES_ERROR;
				CLANG_WARN_QUOTED_INCLUDE_IN_FRAMEWORK_HEADER = YES;
				CLANG_WARN_RANGE_LOOP_ANALYSIS = YES;
				CLANG_WARN_STRICT_PROTOTYPES = YES;
				CLANG_WARN_SUSPICIOUS_MOVE = YES;
				CLANG_WARN_UNGUARDED_AVAILABILITY = YES_AGGRESSIVE;
				CLANG_WARN_UNREACHABLE_CODE = YES;
				CLANG_WARN__DUPLICATE_METHOD_MATCH = YES;
				COPY_PHASE_STRIP = NO;
				DEBUG_INFORMATION_FORMAT = dwarf;
				ENABLE_STRICT_OBJC_MSGSEND = YES;
				ENABLE_TESTABILITY = YES;
				GCC_C_LANGUAGE_STANDARD = gnu11;
				GCC_DYNAMIC_NO_PIC = NO;
				GCC_NO_COMMON_BLOCKS = YES;
				GCC_OPTIMIZATION_LEVEL = 0;
				GCC_PREPROCESSOR_DEFINITIONS = (
					"DEBUG=1",
					"$(inherited)",
				);
				GCC_WARN_64_TO_32_BIT_CONVERSION = YES;
				GCC_WARN_ABOUT_RETURN_TYPE = YES_ERROR;
				GCC_WARN_UNDECLARED_SELECTOR = YES;
				GCC_WARN_UNINITIALIZED_AUTOS = YES_AGGRESSIVE;
				GCC_WARN_UNUSED_FUNCTION = YES;
				GCC_WARN_UNUSED_VARIABLE = YES;
				MTL_ENABLE_DEBUG_INFO = INCLUDE_SOURCE;
				MTL_FAST_MATH = YES;
				ONLY_ACTIVE_ARCH = YES;
				SDKROOT = iphoneos;
				SWIFT_ACTIVE_COMPILATION_CONDITIONS = DEBUG;
				SWIFT_OPTIMIZATION_LEVEL = "-Onone";
			};
			name = Debug;
		};
		EEB154CA287D73E7002BE3C1 /* Release */ = {
			isa = XCBuildConfiguration;
			buildSettings = {
				ALWAYS_SEARCH_USER_PATHS = NO;
				CLANG_ANALYZER_NONNULL = YES;
				CLANG_ANALYZER_NUMBER_OBJECT_CONVERSION = YES_AGGRESSIVE;
				CLANG_CXX_LANGUAGE_STANDARD = "gnu++17";
				CLANG_ENABLE_MODULES = YES;
				CLANG_ENABLE_OBJC_ARC = YES;
				CLANG_ENABLE_OBJC_WEAK = YES;
				CLANG_WARN_BLOCK_CAPTURE_AUTORELEASING = YES;
				CLANG_WARN_BOOL_CONVERSION = YES;
				CLANG_WARN_COMMA = YES;
				CLANG_WARN_CONSTANT_CONVERSION = YES;
				CLANG_WARN_DEPRECATED_OBJC_IMPLEMENTATIONS = YES;
				CLANG_WARN_DIRECT_OBJC_ISA_USAGE = YES_ERROR;
				CLANG_WARN_DOCUMENTATION_COMMENTS = YES;
				CLANG_WARN_EMPTY_BODY = YES;
				CLANG_WARN_ENUM_CONVERSION = YES;
				CLANG_WARN_INFINITE_RECURSION = YES;
				CLANG_WARN_INT_CONVERSION = YES;
				CLANG_WARN_NON_LITERAL_NULL_CONVERSION = YES;
				CLANG_WARN_OBJC_IMPLICIT_RETAIN_SELF = YES;
				CLANG_WARN_OBJC_LITERAL_CONVERSION = YES;
				CLANG_WARN_OBJC_ROOT_CLASS = YES_ERROR;
				CLANG_WARN_QUOTED_INCLUDE_IN_FRAMEWORK_HEADER = YES;
				CLANG_WARN_RANGE_LOOP_ANALYSIS = YES;
				CLANG_WARN_STRICT_PROTOTYPES = YES;
				CLANG_WARN_SUSPICIOUS_MOVE = YES;
				CLANG_WARN_UNGUARDED_AVAILABILITY = YES_AGGRESSIVE;
				CLANG_WARN_UNREACHABLE_CODE = YES;
				CLANG_WARN__DUPLICATE_METHOD_MATCH = YES;
				COPY_PHASE_STRIP = NO;
				DEBUG_INFORMATION_FORMAT = "dwarf-with-dsym";
				ENABLE_NS_ASSERTIONS = NO;
				ENABLE_STRICT_OBJC_MSGSEND = YES;
				GCC_C_LANGUAGE_STANDARD = gnu11;
				GCC_NO_COMMON_BLOCKS = YES;
				GCC_WARN_64_TO_32_BIT_CONVERSION = YES;
				GCC_WARN_ABOUT_RETURN_TYPE = YES_ERROR;
				GCC_WARN_UNDECLARED_SELECTOR = YES;
				GCC_WARN_UNINITIALIZED_AUTOS = YES_AGGRESSIVE;
				GCC_WARN_UNUSED_FUNCTION = YES;
				GCC_WARN_UNUSED_VARIABLE = YES;
				MTL_ENABLE_DEBUG_INFO = NO;
				MTL_FAST_MATH = YES;
				SDKROOT = iphoneos;
				SWIFT_COMPILATION_MODE = wholemodule;
				SWIFT_OPTIMIZATION_LEVEL = "-O";
				VALIDATE_PRODUCT = YES;
			};
			name = Release;
		};
		EEB154CC287D73E7002BE3C1 /* Debug */ = {
			isa = XCBuildConfiguration;
			buildSettings = {
				ASSETCATALOG_COMPILER_COMPLICATION_NAME = Complication;
				CODE_SIGN_STYLE = Automatic;
				CURRENT_PROJECT_VERSION = 1;
				DEVELOPMENT_ASSET_PATHS = "\"Mindful_WatchApp WatchKit Extension/Preview Content\"";
				DEVELOPMENT_TEAM = 7KZXZF7RC9;
				ENABLE_PREVIEWS = YES;
				GENERATE_INFOPLIST_FILE = YES;
				INFOPLIST_FILE = "Mindful_WatchApp WatchKit Extension/Info.plist";
				INFOPLIST_KEY_CFBundleDisplayName = "Mindful_WatchApp WatchKit Extension";
				INFOPLIST_KEY_CLKComplicationPrincipalClass = "$(PRODUCT_MODULE_NAME).ComplicationController";
				INFOPLIST_KEY_NSHumanReadableCopyright = "";
				INFOPLIST_KEY_WKWatchOnly = YES;
				LD_RUNPATH_SEARCH_PATHS = (
					"$(inherited)",
					"@executable_path/Frameworks",
					"@executable_path/../../Frameworks",
				);
				MARKETING_VERSION = 1.0;
				PRODUCT_BUNDLE_IDENTIFIER = "com.test.Mindful-WatchApp.watchkitapp.watchkitextension";
				PRODUCT_NAME = "${TARGET_NAME}";
				SDKROOT = watchos;
				SKIP_INSTALL = YES;
				SWIFT_EMIT_LOC_STRINGS = YES;
				SWIFT_VERSION = 5.0;
				TARGETED_DEVICE_FAMILY = 4;
				WATCHOS_DEPLOYMENT_TARGET = 8.5;
			};
			name = Debug;
		};
		EEB154CD287D73E7002BE3C1 /* Release */ = {
			isa = XCBuildConfiguration;
			buildSettings = {
				ASSETCATALOG_COMPILER_COMPLICATION_NAME = Complication;
				CODE_SIGN_STYLE = Automatic;
				CURRENT_PROJECT_VERSION = 1;
				DEVELOPMENT_ASSET_PATHS = "\"Mindful_WatchApp WatchKit Extension/Preview Content\"";
				DEVELOPMENT_TEAM = "";
				ENABLE_PREVIEWS = YES;
				GENERATE_INFOPLIST_FILE = YES;
				INFOPLIST_FILE = "Mindful_WatchApp WatchKit Extension/Info.plist";
				INFOPLIST_KEY_CFBundleDisplayName = "Mindful_WatchApp WatchKit Extension";
				INFOPLIST_KEY_CLKComplicationPrincipalClass = "$(PRODUCT_MODULE_NAME).ComplicationController";
				INFOPLIST_KEY_NSHumanReadableCopyright = "";
				INFOPLIST_KEY_WKWatchOnly = YES;
				LD_RUNPATH_SEARCH_PATHS = (
					"$(inherited)",
					"@executable_path/Frameworks",
					"@executable_path/../../Frameworks",
				);
				MARKETING_VERSION = 1.0;
				PRODUCT_BUNDLE_IDENTIFIER = "com.test.Mindful-WatchApp.watchkitapp.watchkitextension";
				PRODUCT_NAME = "${TARGET_NAME}";
				SDKROOT = watchos;
				SKIP_INSTALL = YES;
				SWIFT_EMIT_LOC_STRINGS = YES;
				SWIFT_VERSION = 5.0;
				TARGETED_DEVICE_FAMILY = 4;
				WATCHOS_DEPLOYMENT_TARGET = 8.5;
			};
			name = Release;
		};
		EEB154D0287D73E7002BE3C1 /* Debug */ = {
			isa = XCBuildConfiguration;
			buildSettings = {
				ALWAYS_EMBED_SWIFT_STANDARD_LIBRARIES = YES;
				ASSETCATALOG_COMPILER_APPICON_NAME = AppIcon;
				ASSETCATALOG_COMPILER_GLOBAL_ACCENT_COLOR_NAME = AccentColor;
				CODE_SIGN_STYLE = Automatic;
				CURRENT_PROJECT_VERSION = 1;
				DEVELOPMENT_TEAM = 7KZXZF7RC9;
				GENERATE_INFOPLIST_FILE = YES;
				IBSC_MODULE = Mindful_WatchApp_WatchKit_Extension;
				INFOPLIST_KEY_CFBundleDisplayName = "Mindful_WatchApp WatchKit App";
				INFOPLIST_KEY_UISupportedInterfaceOrientations = "UIInterfaceOrientationPortrait UIInterfaceOrientationPortraitUpsideDown";
				MARKETING_VERSION = 1.0;
				PRODUCT_BUNDLE_IDENTIFIER = "com.test.Mindful-WatchApp.watchkitapp";
				PRODUCT_NAME = "$(TARGET_NAME)";
				SDKROOT = watchos;
				SKIP_INSTALL = YES;
				SWIFT_EMIT_LOC_STRINGS = YES;
				SWIFT_VERSION = 5.0;
				TARGETED_DEVICE_FAMILY = 4;
				WATCHOS_DEPLOYMENT_TARGET = 8.5;
			};
			name = Debug;
		};
		EEB154D1287D73E7002BE3C1 /* Release */ = {
			isa = XCBuildConfiguration;
			buildSettings = {
				ALWAYS_EMBED_SWIFT_STANDARD_LIBRARIES = YES;
				ASSETCATALOG_COMPILER_APPICON_NAME = AppIcon;
				ASSETCATALOG_COMPILER_GLOBAL_ACCENT_COLOR_NAME = AccentColor;
				CODE_SIGN_STYLE = Automatic;
				CURRENT_PROJECT_VERSION = 1;
				DEVELOPMENT_TEAM = 7KZXZF7RC9;
				GENERATE_INFOPLIST_FILE = YES;
				IBSC_MODULE = Mindful_WatchApp_WatchKit_Extension;
				INFOPLIST_KEY_CFBundleDisplayName = "Mindful_WatchApp WatchKit App";
				INFOPLIST_KEY_UISupportedInterfaceOrientations = "UIInterfaceOrientationPortrait UIInterfaceOrientationPortraitUpsideDown";
				MARKETING_VERSION = 1.0;
				PRODUCT_BUNDLE_IDENTIFIER = "com.test.Mindful-WatchApp.watchkitapp";
				PRODUCT_NAME = "$(TARGET_NAME)";
				SDKROOT = watchos;
				SKIP_INSTALL = YES;
				SWIFT_EMIT_LOC_STRINGS = YES;
				SWIFT_VERSION = 5.0;
				TARGETED_DEVICE_FAMILY = 4;
				WATCHOS_DEPLOYMENT_TARGET = 8.5;
			};
			name = Release;
		};
		EEB154D4287D73E7002BE3C1 /* Debug */ = {
			isa = XCBuildConfiguration;
			buildSettings = {
				CODE_SIGN_STYLE = Automatic;
				CURRENT_PROJECT_VERSION = 1;
				DEVELOPMENT_TEAM = 7KZXZF7RC9;
				MARKETING_VERSION = 1.0;
				PRODUCT_BUNDLE_IDENTIFIER = "com.test.Mindful-WatchApp";
				PRODUCT_NAME = "$(TARGET_NAME)";
				SWIFT_VERSION = 5.0;
			};
			name = Debug;
		};
		EEB154D5287D73E7002BE3C1 /* Release */ = {
			isa = XCBuildConfiguration;
			buildSettings = {
				CODE_SIGN_STYLE = Automatic;
				CURRENT_PROJECT_VERSION = 1;
				DEVELOPMENT_TEAM = 7KZXZF7RC9;
				MARKETING_VERSION = 1.0;
				PRODUCT_BUNDLE_IDENTIFIER = "com.test.Mindful-WatchApp";
				PRODUCT_NAME = "$(TARGET_NAME)";
				SWIFT_VERSION = 5.0;
			};
			name = Release;
		};
/* End XCBuildConfiguration section */

/* Begin XCConfigurationList section */
		EEB154A1287D73E3002BE3C1 /* Build configuration list for PBXProject "Mindful_WatchApp" */ = {
			isa = XCConfigurationList;
			buildConfigurations = (
				EEB154C9287D73E7002BE3C1 /* Debug */,
				EEB154CA287D73E7002BE3C1 /* Release */,
			);
			defaultConfigurationIsVisible = 0;
			defaultConfigurationName = Release;
		};
		EEB154CB287D73E7002BE3C1 /* Build configuration list for PBXNativeTarget "Mindful_WatchApp WatchKit Extension" */ = {
			isa = XCConfigurationList;
			buildConfigurations = (
				EEB154CC287D73E7002BE3C1 /* Debug */,
				EEB154CD287D73E7002BE3C1 /* Release */,
			);
			defaultConfigurationIsVisible = 0;
			defaultConfigurationName = Release;
		};
		EEB154CF287D73E7002BE3C1 /* Build configuration list for PBXNativeTarget "Mindful_WatchApp WatchKit App" */ = {
			isa = XCConfigurationList;
			buildConfigurations = (
				EEB154D0287D73E7002BE3C1 /* Debug */,
				EEB154D1287D73E7002BE3C1 /* Release */,
			);
			defaultConfigurationIsVisible = 0;
			defaultConfigurationName = Release;
		};
		EEB154D3287D73E7002BE3C1 /* Build configuration list for PBXNativeTarget "Mindful_WatchApp" */ = {
			isa = XCConfigurationList;
			buildConfigurations = (
				EEB154D4287D73E7002BE3C1 /* Debug */,
				EEB154D5287D73E7002BE3C1 /* Release */,
			);
			defaultConfigurationIsVisible = 0;
			defaultConfigurationName = Release;
		};
/* End XCConfigurationList section */
	};
	rootObject = EEB1549E287D73E3002BE3C1 /* Project object */;
}
